
Microsoft Visual Studio Solution File, Format Version 12.00
# Visual Studio Version 17
VisualStudioVersion = 17.3.32922.545
MinimumVisualStudioVersion = 10.0.40219.1
Project("{FAE04EC0-301F-11D3-BF4B-00C04F79EFBC}") = "draft", "draft\draft.csproj", "{365134C3-FD69-44EE-9BD9-A058653283D4}"
EndProject
Global
	GlobalSection(SolutionConfigurationPlatforms) = preSolution
		Debug|Any CPU = Debug|Any CPU
		Release|Any CPU = Release|Any CPU
	EndGlobalSection
	GlobalSection(ProjectConfigurationPlatforms) = postSolution
		{365134C3-FD69-44EE-9BD9-A058653283D4}.Debug|Any CPU.ActiveCfg = Debug|Any CPU
		{365134C3-FD69-44EE-9BD9-A058653283D4}.Debug|Any CPU.Build.0 = Debug|Any CPU
		{365134C3-FD69-44EE-9BD9-A058653283D4}.Release|Any CPU.ActiveCfg = Release|Any CPU
		{365134C3-FD69-44EE-9BD9-A058653283D4}.Release|Any CPU.Build.0 = Release|Any CPU
	EndGlobalSection
	GlobalSection(SolutionProperties) = preSolution
		HideSolutionNode = FALSE
	EndGlobalSection
	GlobalSection(ExtensibilityGlobals) = postSolution
		SolutionGuid = {B015344B-4CED-4CD6-AE16-CC53917CFC8A}
	EndGlobalSection
EndGlobal
